
Microsoft Visual Studio Solution File, Format Version 12.00
# Visual Studio 15
VisualStudioVersion = 15.0.27428.2043
MinimumVisualStudioVersion = 10.0.40219.1
Project("{FAE04EC0-301F-11D3-BF4B-00C04F79EFBC}") = "CreditCardSolution", "Visa\CreditCardSolution.csproj", "{7B5D9C03-0688-4F54-A2BF-7CF5B1AD63D1}"
EndProject
Project("{FAE04EC0-301F-11D3-BF4B-00C04F79EFBC}") = "CreditCardTests", "CreditCardTests\CreditCardTests.csproj", "{6539E935-377A-415B-BE5A-8C60B2436E54}"
EndProject
Global
	GlobalSection(SolutionConfigurationPlatforms) = preSolution
		Debug|Any CPU = Debug|Any CPU
		Release|Any CPU = Release|Any CPU
	EndGlobalSection
	GlobalSection(ProjectConfigurationPlatforms) = postSolution
		{7B5D9C03-0688-4F54-A2BF-7CF5B1AD63D1}.Debug|Any CPU.ActiveCfg = Debug|Any CPU
		{7B5D9C03-0688-4F54-A2BF-7CF5B1AD63D1}.Debug|Any CPU.Build.0 = Debug|Any CPU
		{7B5D9C03-0688-4F54-A2BF-7CF5B1AD63D1}.Release|Any CPU.ActiveCfg = Release|Any CPU
		{7B5D9C03-0688-4F54-A2BF-7CF5B1AD63D1}.Release|Any CPU.Build.0 = Release|Any CPU
		{6539E935-377A-415B-BE5A-8C60B2436E54}.Debug|Any CPU.ActiveCfg = Debug|Any CPU
		{6539E935-377A-415B-BE5A-8C60B2436E54}.Debug|Any CPU.Build.0 = Debug|Any CPU
		{6539E935-377A-415B-BE5A-8C60B2436E54}.Release|Any CPU.ActiveCfg = Release|Any CPU
		{6539E935-377A-415B-BE5A-8C60B2436E54}.Release|Any CPU.Build.0 = Release|Any CPU
	EndGlobalSection
	GlobalSection(SolutionProperties) = preSolution
		HideSolutionNode = FALSE
	EndGlobalSection
	GlobalSection(ExtensibilityGlobals) = postSolution
		SolutionGuid = {AA1167EC-BB7C-4904-8C1E-88200572C29A}
	EndGlobalSection
EndGlobal
